
Microsoft Visual Studio Solution File, Format Version 12.00
# Visual Studio Version 17
VisualStudioVersion = 17.11.35303.130
MinimumVisualStudioVersion = 10.0.40219.1
Project("{FAE04EC0-301F-11D3-BF4B-00C04F79EFBC}") = "MvcOnlineTicariOtomasyon", "MvcOnlineTicariOtomasyon\MvcOnlineTicariOtomasyon.csproj", "{372093BC-F078-4020-B4D6-489CA1303B29}"
EndProject
Global
	GlobalSection(SolutionConfigurationPlatforms) = preSolution
		Debug|Any CPU = Debug|Any CPU
		Release|Any CPU = Release|Any CPU
	EndGlobalSection
	GlobalSection(ProjectConfigurationPlatforms) = postSolution
		{372093BC-F078-4020-B4D6-489CA1303B29}.Debug|Any CPU.ActiveCfg = Debug|Any CPU
		{372093BC-F078-4020-B4D6-489CA1303B29}.Debug|Any CPU.Build.0 = Debug|Any CPU
		{372093BC-F078-4020-B4D6-489CA1303B29}.Release|Any CPU.ActiveCfg = Release|Any CPU
		{372093BC-F078-4020-B4D6-489CA1303B29}.Release|Any CPU.Build.0 = Release|Any CPU
	EndGlobalSection
	GlobalSection(SolutionProperties) = preSolution
		HideSolutionNode = FALSE
	EndGlobalSection
	GlobalSection(ExtensibilityGlobals) = postSolution
		SolutionGuid = {66E5E4A0-20C4-4619-AD18-E75770406AAD}
	EndGlobalSection
EndGlobal
